
Microsoft Visual Studio Solution File, Format Version 12.00
# Visual Studio 15
VisualStudioVersion = 15.0.28010.2036
MinimumVisualStudioVersion = 10.0.40219.1
Project("{FAE04EC0-301F-11D3-BF4B-00C04F79EFBC}") = "Choose your own adventure", "Choose your own adventure\Choose your own adventure.csproj", "{A0D193C4-363E-4607-89FF-757C921B4F58}"
EndProject
Global
	GlobalSection(SolutionConfigurationPlatforms) = preSolution
		Debug|Any CPU = Debug|Any CPU
		Release|Any CPU = Release|Any CPU
	EndGlobalSection
	GlobalSection(ProjectConfigurationPlatforms) = postSolution
		{A0D193C4-363E-4607-89FF-757C921B4F58}.Debug|Any CPU.ActiveCfg = Debug|Any CPU
		{A0D193C4-363E-4607-89FF-757C921B4F58}.Debug|Any CPU.Build.0 = Debug|Any CPU
		{A0D193C4-363E-4607-89FF-757C921B4F58}.Release|Any CPU.ActiveCfg = Release|Any CPU
		{A0D193C4-363E-4607-89FF-757C921B4F58}.Release|Any CPU.Build.0 = Release|Any CPU
	EndGlobalSection
	GlobalSection(SolutionProperties) = preSolution
		HideSolutionNode = FALSE
	EndGlobalSection
	GlobalSection(ExtensibilityGlobals) = postSolution
		SolutionGuid = {7F173227-402E-42C1-9B2D-E4C6294D258D}
	EndGlobalSection
EndGlobal
